{
  "nodes": {
    "data": {
      "inputs": {
        "nixpkgs": "nixpkgs"
      },
      "locked": {
        "lastModified": 1623898153,
        "narHash": "sha256-K/vYcW7fiKg2VfuzI9KSOrPPeNjFg1ll1UggOLv/2/4=",
        "owner": "Ninlives",
        "repo": "data",
        "rev": "bc4e8ed96dab33456797472970d162dd4312ccf4",
        "type": "github"
      },
      "original": {
        "owner": "Ninlives",
        "repo": "data",
        "type": "github"
      }
    },
    "deploy-rs": {
      "inputs": {
        "flake-compat": "flake-compat",
        "naersk": "naersk",
        "nixpkgs": "nixpkgs_2",
        "utils": "utils"
      },
      "locked": {
        "lastModified": 1623011836,
        "narHash": "sha256-02M4P3eqUdV+ouZb8n1KDR1CXeZQm17cKpjKZKi0c10=",
        "owner": "serokell",
        "repo": "deploy-rs",
        "rev": "70d71b3027b1793b780f1e2435bdbbe1b0cb9ac6",
        "type": "github"
      },
      "original": {
        "owner": "serokell",
        "repo": "deploy-rs",
        "type": "github"
      }
    },
    "external": {
      "inputs": {
        "flake-utils": "flake-utils",
        "nixpkgs": [
          "nixpkgs"
        ]
      },
      "locked": {
        "lastModified": 1623898005,
        "narHash": "sha256-LrgvgjhhWFbsLCMK2aOQAOnYa2Z5P+2vf0q2XmKl5HE=",
        "owner": "nixos-cn",
        "repo": "flakes",
        "rev": "0e8e67ff00a8f3a092196ae0398514d685113ad9",
        "type": "github"
      },
      "original": {
        "owner": "nixos-cn",
        "repo": "flakes",
        "type": "github"
      }
    },
    "flake-compat": {
      "flake": false,
      "locked": {
        "lastModified": 1606424373,
        "narHash": "sha256-oq8d4//CJOrVj+EcOaSXvMebvuTkmBJuT5tzlfewUnQ=",
        "owner": "edolstra",
        "repo": "flake-compat",
        "rev": "99f1c2157fba4bfe6211a321fd0ee43199025dbf",
        "type": "github"
      },
      "original": {
        "owner": "edolstra",
        "repo": "flake-compat",
        "type": "github"
      }
    },
    "flake-utils": {
      "locked": {
        "lastModified": 1623875721,
        "narHash": "sha256-A8BU7bjS5GirpAUv4QA+QnJ4CceLHkcXdRp4xITDB0s=",
        "owner": "numtide",
        "repo": "flake-utils",
        "rev": "f7e004a55b120c02ecb6219596820fcd32ca8772",
        "type": "github"
      },
      "original": {
        "owner": "numtide",
        "repo": "flake-utils",
        "type": "github"
      }
    },
    "flake-utils_2": {
      "locked": {
        "lastModified": 1623875721,
        "narHash": "sha256-A8BU7bjS5GirpAUv4QA+QnJ4CceLHkcXdRp4xITDB0s=",
        "owner": "numtide",
        "repo": "flake-utils",
        "rev": "f7e004a55b120c02ecb6219596820fcd32ca8772",
        "type": "github"
      },
      "original": {
        "owner": "numtide",
        "repo": "flake-utils",
        "type": "github"
      }
    },
    "home-manager": {
      "inputs": {
        "nixpkgs": [
          "nixpkgs"
        ]
      },
      "locked": {
        "lastModified": 1623891976,
        "narHash": "sha256-zmEY+R0sYvdCDcSLx9KjhWTB5iNY1f1BwkeCZRn7Ho0=",
        "owner": "nix-community",
        "repo": "home-manager",
        "rev": "3aa479d55101346fffe49235caf39566c4b62732",
        "type": "github"
      },
      "original": {
        "owner": "nix-community",
        "repo": "home-manager",
        "type": "github"
      }
    },
    "naersk": {
      "inputs": {
        "nixpkgs": [
          "nixpkgs"
        ]
      },
      "locked": {
        "lastModified": 1622810282,
        "narHash": "sha256-4wmvM3/xfD0hCdNDIXVzRMfL4yB1J+DjH6Zte2xbAxk=",
        "owner": "nmattia",
        "repo": "naersk",
        "rev": "e8061169e1495871b56be97c5c51d310fae01374",
        "type": "github"
      },
      "original": {
        "owner": "nmattia",
        "ref": "master",
        "repo": "naersk",
        "type": "github"
      }
    },
    "nixpkgs": {
      "locked": {
        "lastModified": 1623589201,
        "narHash": "sha256-f29Rp2XFmfjtwldUyRvMz0X93/Nf6J8i4WBvVVKqCHs=",
        "owner": "NixOS",
        "repo": "nixpkgs",
        "rev": "6aa2bb6a818d12d4cf296f736263011611cf2610",
        "type": "github"
      },
      "original": {
        "owner": "NixOS",
        "ref": "nixos-unstable-small",
        "repo": "nixpkgs",
        "type": "github"
      }
    },
    "nixpkgs_2": {
      "locked": {
        "lastModified": 1622972307,
        "narHash": "sha256-ENOu0FPCf95iLLoq2txhJtnA2ZpOFhIVBqQVbKM8ra0=",
        "owner": "NixOS",
        "repo": "nixpkgs",
        "rev": "d8eb97e3801bde96491535f40483d550b57605b9",
        "type": "github"
      },
      "original": {
        "owner": "NixOS",
        "ref": "nixpkgs-unstable",
        "repo": "nixpkgs",
        "type": "github"
      }
    },
    "nixpkgs_3": {
      "locked": {
        "lastModified": 1623861389,
        "narHash": "sha256-v/fDk4hD3mcBFsl6hiT9h6UxRWmwO4Dbvg6jwFGScbY=",
        "owner": "NixOS",
        "repo": "nixpkgs",
        "rev": "75dc3bbdd4f51d5c647491f8c39ca653c0657523",
        "type": "github"
      },
      "original": {
        "owner": "NixOS",
        "ref": "nixos-unstable-small",
        "repo": "nixpkgs",
        "type": "github"
      }
    },
    "nixpkgs_4": {
      "locked": {
        "lastModified": 1613917044,
        "narHash": "sha256-YvBBwtvrnove51SXQ67OVQHctYjEEpFu6GEzRe0pp5I=",
        "owner": "NixOS",
        "repo": "nixpkgs",
        "rev": "aed173ff9707387b238c1c7e143152ca9d8878e9",
        "type": "github"
      },
      "original": {
        "owner": "NixOS",
        "ref": "nixpkgs-unstable",
        "repo": "nixpkgs",
        "type": "github"
      }
    },
    "root": {
      "inputs": {
        "data": "data",
        "deploy-rs": "deploy-rs",
        "external": "external",
        "flake-utils": "flake-utils_2",
        "home-manager": "home-manager",
        "nixpkgs": "nixpkgs_3",
        "sops-nix": "sops-nix"
      }
    },
    "sops-nix": {
      "inputs": {
        "nixpkgs": "nixpkgs_4"
      },
      "locked": {
        "lastModified": 1622915462,
        "narHash": "sha256-Hr/DVKUnQt3BTR3o4vzux1Ed1mciKZOrCRWuwORzt4Y=",
        "owner": "Mic92",
        "repo": "sops-nix",
        "rev": "7918c59b392f23665c0b726d4c640d14be4b0b8b",
        "type": "github"
      },
      "original": {
        "owner": "Mic92",
        "repo": "sops-nix",
        "type": "github"
      }
    },
    "utils": {
      "locked": {
        "lastModified": 1622445595,
        "narHash": "sha256-m+JRe6Wc5OZ/mKw2bB3+Tl0ZbtyxxxfnAWln8Q5qs+Y=",
        "owner": "numtide",
        "repo": "flake-utils",
        "rev": "7d706970d94bc5559077eb1a6600afddcd25a7c8",
        "type": "github"
      },
      "original": {
        "owner": "numtide",
        "repo": "flake-utils",
        "type": "github"
      }
    }
  },
  "root": "root",
  "version": 7
}
